
Microsoft Visual Studio Solution File, Format Version 12.00
# Visual Studio Version 17
VisualStudioVersion = 17.1.32328.378
MinimumVisualStudioVersion = 10.0.40219.1
Project("{FAE04EC0-301F-11D3-BF4B-00C04F79EFBC}") = "Lab_Backend", "Lab_Backend\Lab_Backend.csproj", "{53B33665-1F77-4F71-AD6D-8A023B1752D8}"
EndProject
Global
	GlobalSection(SolutionConfigurationPlatforms) = preSolution
		Debug|Any CPU = Debug|Any CPU
		Release|Any CPU = Release|Any CPU
	EndGlobalSection
	GlobalSection(ProjectConfigurationPlatforms) = postSolution
		{53B33665-1F77-4F71-AD6D-8A023B1752D8}.Debug|Any CPU.ActiveCfg = Debug|Any CPU
		{53B33665-1F77-4F71-AD6D-8A023B1752D8}.Debug|Any CPU.Build.0 = Debug|Any CPU
		{53B33665-1F77-4F71-AD6D-8A023B1752D8}.Release|Any CPU.ActiveCfg = Release|Any CPU
		{53B33665-1F77-4F71-AD6D-8A023B1752D8}.Release|Any CPU.Build.0 = Release|Any CPU
	EndGlobalSection
	GlobalSection(SolutionProperties) = preSolution
		HideSolutionNode = FALSE
	EndGlobalSection
	GlobalSection(ExtensibilityGlobals) = postSolution
		SolutionGuid = {AA87D5CB-568C-4EF2-8B18-E5E0EECFE24E}
	EndGlobalSection
EndGlobal
